
Microsoft Visual Studio Solution File, Format Version 12.00
# Visual Studio 2015
Project("{FAE04EC0-301F-11D3-BF4B-00C04F79EFBC}") = "GameOfLive", "GameOfLive.csproj", "{4C2CA8B0-C416-0DE5-739C-527C2F94570E}"
EndProject
Project("{FAE04EC0-301F-11D3-BF4B-00C04F79EFBC}") = "GameOfLive.Editor", "GameOfLive.Editor.csproj", "{3BB3F939-3741-3F46-E0FD-141D0CCAF649}"
EndProject
Global
	GlobalSection(SolutionConfigurationPlatforms) = preSolution
		Debug|Any CPU = Debug|Any CPU
		Release|Any CPU = Release|Any CPU
	EndGlobalSection
	GlobalSection(ProjectConfigurationPlatforms) = postSolution
		{4C2CA8B0-C416-0DE5-739C-527C2F94570E}.Debug|Any CPU.ActiveCfg = Debug|Any CPU
		{4C2CA8B0-C416-0DE5-739C-527C2F94570E}.Debug|Any CPU.Build.0 = Debug|Any CPU
		{4C2CA8B0-C416-0DE5-739C-527C2F94570E}.Release|Any CPU.ActiveCfg = Release|Any CPU
		{4C2CA8B0-C416-0DE5-739C-527C2F94570E}.Release|Any CPU.Build.0 = Release|Any CPU
		{3BB3F939-3741-3F46-E0FD-141D0CCAF649}.Debug|Any CPU.ActiveCfg = Debug|Any CPU
		{3BB3F939-3741-3F46-E0FD-141D0CCAF649}.Debug|Any CPU.Build.0 = Debug|Any CPU
		{3BB3F939-3741-3F46-E0FD-141D0CCAF649}.Release|Any CPU.ActiveCfg = Release|Any CPU
		{3BB3F939-3741-3F46-E0FD-141D0CCAF649}.Release|Any CPU.Build.0 = Release|Any CPU
	EndGlobalSection
	GlobalSection(SolutionProperties) = preSolution
		HideSolutionNode = FALSE
	EndGlobalSection
EndGlobal
